
Microsoft Visual Studio Solution File, Format Version 12.00
# Visual Studio 15
VisualStudioVersion = 15.0.28307.852
MinimumVisualStudioVersion = 10.0.40219.1
Project("{2150E333-8FDC-42A3-9474-1A3956D46DE8}") = "core", "core", "{70F1E94A-F049-44F9-A835-25D8358FB66A}"
EndProject
Project("{2150E333-8FDC-42A3-9474-1A3956D46DE8}") = "test", "test", "{4EEFE00E-5BF5-4B3C-B389-6E66DC5C660E}"
EndProject
Project("{2150E333-8FDC-42A3-9474-1A3956D46DE8}") = "sample", "sample", "{AE3577FA-837F-4D1B-BC75-C67EA2F11384}"
EndProject
Project("{9A19103F-16F7-4668-BE54-9A1E7A4F7556}") = "Echic.Cmd", "Echic.Cmd\Echic.Cmd.csproj", "{CC8A829F-D739-40EC-B80B-D773AE7A6B90}"
EndProject
Project("{9A19103F-16F7-4668-BE54-9A1E7A4F7556}") = "Echic.Model", "Echic.Model\Echic.Model.csproj", "{64EC28D5-F425-4E50-99C2-E713F2CEBB44}"
EndProject
Project("{9A19103F-16F7-4668-BE54-9A1E7A4F7556}") = "Echic.Domain", "Echic.Domain\Echic.Domain.csproj", "{200F8A50-F53B-480D-96D5-7E3C96F7C262}"
EndProject
Project("{9A19103F-16F7-4668-BE54-9A1E7A4F7556}") = "Echic.Common", "Echic.Common\Echic.Common.csproj", "{BA2A91BA-7A4B-4DFF-B61B-61F45591CA5E}"
EndProject
Project("{FAE04EC0-301F-11D3-BF4B-00C04F79EFBC}") = "Echic.IOC", "Echic.IOC\Echic.IOC.csproj", "{3A9EDD5F-EAA1-4378-AD95-18854CCFDC96}"
EndProject
Project("{FAE04EC0-301F-11D3-BF4B-00C04F79EFBC}") = "Echic.Test", "Echic.Test\Echic.Test.csproj", "{02DE48D2-DE36-4ED7-8286-EAADD6C06CDF}"
EndProject
Global
	GlobalSection(SolutionConfigurationPlatforms) = preSolution
		Debug|Any CPU = Debug|Any CPU
		Release|Any CPU = Release|Any CPU
	EndGlobalSection
	GlobalSection(ProjectConfigurationPlatforms) = postSolution
		{CC8A829F-D739-40EC-B80B-D773AE7A6B90}.Debug|Any CPU.ActiveCfg = Debug|Any CPU
		{CC8A829F-D739-40EC-B80B-D773AE7A6B90}.Debug|Any CPU.Build.0 = Debug|Any CPU
		{CC8A829F-D739-40EC-B80B-D773AE7A6B90}.Release|Any CPU.ActiveCfg = Release|Any CPU
		{CC8A829F-D739-40EC-B80B-D773AE7A6B90}.Release|Any CPU.Build.0 = Release|Any CPU
		{64EC28D5-F425-4E50-99C2-E713F2CEBB44}.Debug|Any CPU.ActiveCfg = Debug|Any CPU
		{64EC28D5-F425-4E50-99C2-E713F2CEBB44}.Debug|Any CPU.Build.0 = Debug|Any CPU
		{64EC28D5-F425-4E50-99C2-E713F2CEBB44}.Release|Any CPU.ActiveCfg = Release|Any CPU
		{64EC28D5-F425-4E50-99C2-E713F2CEBB44}.Release|Any CPU.Build.0 = Release|Any CPU
		{200F8A50-F53B-480D-96D5-7E3C96F7C262}.Debug|Any CPU.ActiveCfg = Debug|Any CPU
		{200F8A50-F53B-480D-96D5-7E3C96F7C262}.Debug|Any CPU.Build.0 = Debug|Any CPU
		{200F8A50-F53B-480D-96D5-7E3C96F7C262}.Release|Any CPU.ActiveCfg = Release|Any CPU
		{200F8A50-F53B-480D-96D5-7E3C96F7C262}.Release|Any CPU.Build.0 = Release|Any CPU
		{BA2A91BA-7A4B-4DFF-B61B-61F45591CA5E}.Debug|Any CPU.ActiveCfg = Debug|Any CPU
		{BA2A91BA-7A4B-4DFF-B61B-61F45591CA5E}.Debug|Any CPU.Build.0 = Debug|Any CPU
		{BA2A91BA-7A4B-4DFF-B61B-61F45591CA5E}.Release|Any CPU.ActiveCfg = Release|Any CPU
		{BA2A91BA-7A4B-4DFF-B61B-61F45591CA5E}.Release|Any CPU.Build.0 = Release|Any CPU
		{3A9EDD5F-EAA1-4378-AD95-18854CCFDC96}.Debug|Any CPU.ActiveCfg = Debug|Any CPU
		{3A9EDD5F-EAA1-4378-AD95-18854CCFDC96}.Debug|Any CPU.Build.0 = Debug|Any CPU
		{3A9EDD5F-EAA1-4378-AD95-18854CCFDC96}.Release|Any CPU.ActiveCfg = Release|Any CPU
		{3A9EDD5F-EAA1-4378-AD95-18854CCFDC96}.Release|Any CPU.Build.0 = Release|Any CPU
		{02DE48D2-DE36-4ED7-8286-EAADD6C06CDF}.Debug|Any CPU.ActiveCfg = Debug|Any CPU
		{02DE48D2-DE36-4ED7-8286-EAADD6C06CDF}.Debug|Any CPU.Build.0 = Debug|Any CPU
		{02DE48D2-DE36-4ED7-8286-EAADD6C06CDF}.Release|Any CPU.ActiveCfg = Release|Any CPU
		{02DE48D2-DE36-4ED7-8286-EAADD6C06CDF}.Release|Any CPU.Build.0 = Release|Any CPU
	EndGlobalSection
	GlobalSection(SolutionProperties) = preSolution
		HideSolutionNode = FALSE
	EndGlobalSection
	GlobalSection(NestedProjects) = preSolution
		{CC8A829F-D739-40EC-B80B-D773AE7A6B90} = {4EEFE00E-5BF5-4B3C-B389-6E66DC5C660E}
		{64EC28D5-F425-4E50-99C2-E713F2CEBB44} = {70F1E94A-F049-44F9-A835-25D8358FB66A}
		{200F8A50-F53B-480D-96D5-7E3C96F7C262} = {70F1E94A-F049-44F9-A835-25D8358FB66A}
		{BA2A91BA-7A4B-4DFF-B61B-61F45591CA5E} = {70F1E94A-F049-44F9-A835-25D8358FB66A}
		{3A9EDD5F-EAA1-4378-AD95-18854CCFDC96} = {70F1E94A-F049-44F9-A835-25D8358FB66A}
		{02DE48D2-DE36-4ED7-8286-EAADD6C06CDF} = {4EEFE00E-5BF5-4B3C-B389-6E66DC5C660E}
	EndGlobalSection
	GlobalSection(ExtensibilityGlobals) = postSolution
		SolutionGuid = {B1EE5B73-C611-4F85-B285-656B5964A542}
	EndGlobalSection
EndGlobal
